
Microsoft Visual Studio Solution File, Format Version 12.00
# Visual Studio 15
VisualStudioVersion = 15.0.26228.9
MinimumVisualStudioVersion = 10.0.40219.1
Project("{2150E333-8FDC-42A3-9474-1A3956D46DE8}") = "_Infrastructure", "_Infrastructure", "{7193252B-257A-42A8-9B43-A801F410905B}"
	ProjectSection(SolutionItems) = preProject
		_Infrastructure\AssemblyVersion.cs = _Infrastructure\AssemblyVersion.cs
	EndProjectSection
EndProject
Project("{FAE04EC0-301F-11D3-BF4B-00C04F79EFBC}") = "P3Net.TextTemplating", "P3Net.TextTemplating\P3Net.TextTemplating.csproj", "{8C0C94C0-50D2-4156-AA60-D36160D0B68B}"
EndProject
Project("{FAE04EC0-301F-11D3-BF4B-00C04F79EFBC}") = "ItemTemplates", "ItemTemplates\ItemTemplates.csproj", "{728C42C2-B6AE-4956-B43D-213A936DF65D}"
EndProject
Project("{FAE04EC0-301F-11D3-BF4B-00C04F79EFBC}") = "T4TemplatesSetup", "T4TemplatesSetup\T4TemplatesSetup.csproj", "{2ACA6968-D6CD-4B6B-B03D-53AFE3BBD713}"
EndProject
Project("{FAE04EC0-301F-11D3-BF4B-00C04F79EFBC}") = "TextTemplates", "TextTemplates\TextTemplates.csproj", "{ECFAE729-7551-4ADB-BB61-46BA0074A24B}"
EndProject
Project("{FAE04EC0-301F-11D3-BF4B-00C04F79EFBC}") = "P3Net.TemplateWizards", "P3Net.TemplateWizards\P3Net.TemplateWizards.csproj", "{D19CCC0E-59E4-4EA2-9FC7-164853BC40E4}"
EndProject
Project("{2150E333-8FDC-42A3-9474-1A3956D46DE8}") = "_Solution Items", "_Solution Items", "{97E7C317-1290-441F-B0AE-472DD38F270B}"
	ProjectSection(SolutionItems) = preProject
		directory.build.props = directory.build.props
	EndProjectSection
EndProject
Project("{9A19103F-16F7-4668-BE54-9A1E7A4F7556}") = "P3Net.BuildExtensions.TransformConfigs", "P3Net.BuildExtensions.TransformConfigs\P3Net.BuildExtensions.TransformConfigs.csproj", "{B02279D4-03AA-41AA-A947-318E184CE5D2}"
EndProject
Global
	GlobalSection(SolutionConfigurationPlatforms) = preSolution
		Debug|Any CPU = Debug|Any CPU
		Release|Any CPU = Release|Any CPU
	EndGlobalSection
	GlobalSection(ProjectConfigurationPlatforms) = postSolution
		{8C0C94C0-50D2-4156-AA60-D36160D0B68B}.Debug|Any CPU.ActiveCfg = Debug|Any CPU
		{8C0C94C0-50D2-4156-AA60-D36160D0B68B}.Debug|Any CPU.Build.0 = Debug|Any CPU
		{8C0C94C0-50D2-4156-AA60-D36160D0B68B}.Release|Any CPU.ActiveCfg = Release|Any CPU
		{8C0C94C0-50D2-4156-AA60-D36160D0B68B}.Release|Any CPU.Build.0 = Release|Any CPU
		{728C42C2-B6AE-4956-B43D-213A936DF65D}.Debug|Any CPU.ActiveCfg = Debug|Any CPU
		{728C42C2-B6AE-4956-B43D-213A936DF65D}.Debug|Any CPU.Build.0 = Debug|Any CPU
		{728C42C2-B6AE-4956-B43D-213A936DF65D}.Release|Any CPU.ActiveCfg = Release|Any CPU
		{728C42C2-B6AE-4956-B43D-213A936DF65D}.Release|Any CPU.Build.0 = Release|Any CPU
		{2ACA6968-D6CD-4B6B-B03D-53AFE3BBD713}.Debug|Any CPU.ActiveCfg = Debug|Any CPU
		{2ACA6968-D6CD-4B6B-B03D-53AFE3BBD713}.Debug|Any CPU.Build.0 = Debug|Any CPU
		{2ACA6968-D6CD-4B6B-B03D-53AFE3BBD713}.Release|Any CPU.ActiveCfg = Release|Any CPU
		{2ACA6968-D6CD-4B6B-B03D-53AFE3BBD713}.Release|Any CPU.Build.0 = Release|Any CPU
		{ECFAE729-7551-4ADB-BB61-46BA0074A24B}.Debug|Any CPU.ActiveCfg = Debug|Any CPU
		{ECFAE729-7551-4ADB-BB61-46BA0074A24B}.Debug|Any CPU.Build.0 = Debug|Any CPU
		{ECFAE729-7551-4ADB-BB61-46BA0074A24B}.Release|Any CPU.ActiveCfg = Release|Any CPU
		{ECFAE729-7551-4ADB-BB61-46BA0074A24B}.Release|Any CPU.Build.0 = Release|Any CPU
		{D19CCC0E-59E4-4EA2-9FC7-164853BC40E4}.Debug|Any CPU.ActiveCfg = Debug|Any CPU
		{D19CCC0E-59E4-4EA2-9FC7-164853BC40E4}.Debug|Any CPU.Build.0 = Debug|Any CPU
		{D19CCC0E-59E4-4EA2-9FC7-164853BC40E4}.Release|Any CPU.ActiveCfg = Release|Any CPU
		{D19CCC0E-59E4-4EA2-9FC7-164853BC40E4}.Release|Any CPU.Build.0 = Release|Any CPU
		{B02279D4-03AA-41AA-A947-318E184CE5D2}.Debug|Any CPU.ActiveCfg = Debug|Any CPU
		{B02279D4-03AA-41AA-A947-318E184CE5D2}.Debug|Any CPU.Build.0 = Debug|Any CPU
		{B02279D4-03AA-41AA-A947-318E184CE5D2}.Release|Any CPU.ActiveCfg = Release|Any CPU
		{B02279D4-03AA-41AA-A947-318E184CE5D2}.Release|Any CPU.Build.0 = Release|Any CPU
	EndGlobalSection
	GlobalSection(SolutionProperties) = preSolution
		HideSolutionNode = FALSE
	EndGlobalSection
	GlobalSection(ExtensibilityGlobals) = postSolution
		SolutionGuid = {CCB9D19D-DDDC-4B67-8E4B-024140FC2667}
	EndGlobalSection
EndGlobal
